
Microsoft Visual Studio Solution File, Format Version 12.00
# Visual Studio 15
VisualStudioVersion = 15.0.27130.2026
MinimumVisualStudioVersion = 10.0.40219.1
Project("{FAE04EC0-301F-11D3-BF4B-00C04F79EFBC}") = "Niunan.CaiPiao.Web", "Niunan.CaiPiao.Web\Niunan.CaiPiao.Web.csproj", "{7EA0DB92-781C-4979-AE2E-1621D79328E0}"
EndProject
Project("{FAE04EC0-301F-11D3-BF4B-00C04F79EFBC}") = "Niunan.CaiPiao.DAL", "Niunan.CaiPiao.DAL\Niunan.CaiPiao.DAL.csproj", "{7A10AD21-41AF-4C61-B461-4A12F1310C0D}"
EndProject
Project("{FAE04EC0-301F-11D3-BF4B-00C04F79EFBC}") = "Niunan.CaiPiao.Util", "Niunan.CaiPiao.Util\Niunan.CaiPiao.Util.csproj", "{5B3E95D8-ED45-408B-93C0-2A8A8AB297D6}"
EndProject
Project("{FAE04EC0-301F-11D3-BF4B-00C04F79EFBC}") = "Niunan.CaiPiao.Model", "Niunan.CaiPiao.Model\Niunan.CaiPiao.Model.csproj", "{168D9F27-55DD-4693-A6C5-38FEDA75ACAB}"
EndProject
Project("{FAE04EC0-301F-11D3-BF4B-00C04F79EFBC}") = "Niunan.CaiPiao.BLL", "Niunan.CaiPiao.BLL\Niunan.CaiPiao.BLL.csproj", "{8090EB1A-475C-4690-8490-9866CD78B65D}"
EndProject
Global
	GlobalSection(SolutionConfigurationPlatforms) = preSolution
		Debug|Any CPU = Debug|Any CPU
		Release|Any CPU = Release|Any CPU
	EndGlobalSection
	GlobalSection(ProjectConfigurationPlatforms) = postSolution
		{7EA0DB92-781C-4979-AE2E-1621D79328E0}.Debug|Any CPU.ActiveCfg = Debug|Any CPU
		{7EA0DB92-781C-4979-AE2E-1621D79328E0}.Debug|Any CPU.Build.0 = Debug|Any CPU
		{7EA0DB92-781C-4979-AE2E-1621D79328E0}.Release|Any CPU.ActiveCfg = Release|Any CPU
		{7EA0DB92-781C-4979-AE2E-1621D79328E0}.Release|Any CPU.Build.0 = Release|Any CPU
		{7A10AD21-41AF-4C61-B461-4A12F1310C0D}.Debug|Any CPU.ActiveCfg = Debug|Any CPU
		{7A10AD21-41AF-4C61-B461-4A12F1310C0D}.Debug|Any CPU.Build.0 = Debug|Any CPU
		{7A10AD21-41AF-4C61-B461-4A12F1310C0D}.Release|Any CPU.ActiveCfg = Release|Any CPU
		{7A10AD21-41AF-4C61-B461-4A12F1310C0D}.Release|Any CPU.Build.0 = Release|Any CPU
		{5B3E95D8-ED45-408B-93C0-2A8A8AB297D6}.Debug|Any CPU.ActiveCfg = Debug|Any CPU
		{5B3E95D8-ED45-408B-93C0-2A8A8AB297D6}.Debug|Any CPU.Build.0 = Debug|Any CPU
		{5B3E95D8-ED45-408B-93C0-2A8A8AB297D6}.Release|Any CPU.ActiveCfg = Release|Any CPU
		{5B3E95D8-ED45-408B-93C0-2A8A8AB297D6}.Release|Any CPU.Build.0 = Release|Any CPU
		{168D9F27-55DD-4693-A6C5-38FEDA75ACAB}.Debug|Any CPU.ActiveCfg = Debug|Any CPU
		{168D9F27-55DD-4693-A6C5-38FEDA75ACAB}.Debug|Any CPU.Build.0 = Debug|Any CPU
		{168D9F27-55DD-4693-A6C5-38FEDA75ACAB}.Release|Any CPU.ActiveCfg = Release|Any CPU
		{168D9F27-55DD-4693-A6C5-38FEDA75ACAB}.Release|Any CPU.Build.0 = Release|Any CPU
		{8090EB1A-475C-4690-8490-9866CD78B65D}.Debug|Any CPU.ActiveCfg = Debug|Any CPU
		{8090EB1A-475C-4690-8490-9866CD78B65D}.Debug|Any CPU.Build.0 = Debug|Any CPU
		{8090EB1A-475C-4690-8490-9866CD78B65D}.Release|Any CPU.ActiveCfg = Release|Any CPU
		{8090EB1A-475C-4690-8490-9866CD78B65D}.Release|Any CPU.Build.0 = Release|Any CPU
	EndGlobalSection
	GlobalSection(SolutionProperties) = preSolution
		HideSolutionNode = FALSE
	EndGlobalSection
	GlobalSection(ExtensibilityGlobals) = postSolution
		SolutionGuid = {702BB953-3D18-4875-881C-8015FED6BAA8}
	EndGlobalSection
EndGlobal
